// !$*UTF8*$!
{
	archiveVersion = 1;
	classes = {
	};
	objectVersion = 51;
	objects = {

/* Begin PBXBuildFile section */
		86812E6841B844A1D2559E59 /* Pods_iMovie.framework in Frameworks */ = {isa = PBXBuildFile; fileRef = AA88D3A912B06F46C025B90C /* Pods_iMovie.framework */; };
		D49B709924D7243D00F24CAD /* APIConstant.swift in Sources */ = {isa = PBXBuildFile; fileRef = D49B709824D7243D00F24CAD /* APIConstant.swift */; };
		D49B70A024D72B8500F24CAD /* LaunchScreen.storyboard in Resources */ = {isa = PBXBuildFile; fileRef = D49B709F24D72B8500F24CAD /* LaunchScreen.storyboard */; };
		D4C0E7CA24D717B6007F6D26 /* AppDelegate.swift in Sources */ = {isa = PBXBuildFile; fileRef = D4C0E7C924D717B6007F6D26 /* AppDelegate.swift */; };
		D4C0E7CC24D717B6007F6D26 /* SceneDelegate.swift in Sources */ = {isa = PBXBuildFile; fileRef = D4C0E7CB24D717B6007F6D26 /* SceneDelegate.swift */; };
		D4C0E7CE24D717B6007F6D26 /* ViewController.swift in Sources */ = {isa = PBXBuildFile; fileRef = D4C0E7CD24D717B6007F6D26 /* ViewController.swift */; };
		D4C0E7D124D717B6007F6D26 /* Main.storyboard in Resources */ = {isa = PBXBuildFile; fileRef = D4C0E7CF24D717B6007F6D26 /* Main.storyboard */; };
		D4C0E7D324D717B8007F6D26 /* Assets.xcassets in Resources */ = {isa = PBXBuildFile; fileRef = D4C0E7D224D717B8007F6D26 /* Assets.xcassets */; };
/* End PBXBuildFile section */

/* Begin PBXFileReference section */
		A6EB43E790A3509069D44885 /* Pods-iMovie.debug.xcconfig */ = {isa = PBXFileReference; includeInIndex = 1; lastKnownFileType = text.xcconfig; name = "Pods-iMovie.debug.xcconfig"; path = "Target Support Files/Pods-iMovie/Pods-iMovie.debug.xcconfig"; sourceTree = "<group>"; };
		AA88D3A912B06F46C025B90C /* Pods_iMovie.framework */ = {isa = PBXFileReference; explicitFileType = wrapper.framework; includeInIndex = 0; path = Pods_iMovie.framework; sourceTree = BUILT_PRODUCTS_DIR; };
		D49B709824D7243D00F24CAD /* APIConstant.swift */ = {isa = PBXFileReference; lastKnownFileType = sourcecode.swift; path = APIConstant.swift; sourceTree = "<group>"; };
		D49B709F24D72B8500F24CAD /* LaunchScreen.storyboard */ = {isa = PBXFileReference; fileEncoding = 4; lastKnownFileType = file.storyboard; path = LaunchScreen.storyboard; sourceTree = "<group>"; };
		D4C0E7C624D717B6007F6D26 /* iMovie.app */ = {isa = PBXFileReference; explicitFileType = wrapper.application; includeInIndex = 0; path = iMovie.app; sourceTree = BUILT_PRODUCTS_DIR; };
		D4C0E7C924D717B6007F6D26 /* AppDelegate.swift */ = {isa = PBXFileReference; lastKnownFileType = sourcecode.swift; path = AppDelegate.swift; sourceTree = "<group>"; };
		D4C0E7CB24D717B6007F6D26 /* SceneDelegate.swift */ = {isa = PBXFileReference; lastKnownFileType = sourcecode.swift; path = SceneDelegate.swift; sourceTree = "<group>"; };
		D4C0E7CD24D717B6007F6D26 /* ViewController.swift */ = {isa = PBXFileReference; lastKnownFileType = sourcecode.swift; path = ViewController.swift; sourceTree = "<group>"; };
		D4C0E7D024D717B6007F6D26 /* Base */ = {isa = PBXFileReference; lastKnownFileType = file.storyboard; name = Base; path = Base.lproj/Main.storyboard; sourceTree = "<group>"; };
		D4C0E7D224D717B8007F6D26 /* Assets.xcassets */ = {isa = PBXFileReference; lastKnownFileType = folder.assetcatalog; path = Assets.xcassets; sourceTree = "<group>"; };
		D4C0E7D724D717B8007F6D26 /* Info.plist */ = {isa = PBXFileReference; lastKnownFileType = text.plist.xml; path = Info.plist; sourceTree = "<group>"; };
		F7FF7F093B172BD4E7F54E31 /* Pods-iMovie.release.xcconfig */ = {isa = PBXFileReference; includeInIndex = 1; lastKnownFileType = text.xcconfig; name = "Pods-iMovie.release.xcconfig"; path = "Target Support Files/Pods-iMovie/Pods-iMovie.release.xcconfig"; sourceTree = "<group>"; };
/* End PBXFileReference section */

/* Begin PBXFrameworksBuildPhase section */
		D4C0E7C324D717B6007F6D26 /* Frameworks */ = {
			isa = PBXFrameworksBuildPhase;
			buildActionMask = 2147483647;
			files = (
				86812E6841B844A1D2559E59 /* Pods_iMovie.framework in Frameworks */,
			);
			runOnlyForDeploymentPostprocessing = 0;
		};
/* End PBXFrameworksBuildPhase section */

/* Begin PBXGroup section */
		634F58F950B0A98808E1854A /* Pods */ = {
			isa = PBXGroup;
			children = (
				A6EB43E790A3509069D44885 /* Pods-iMovie.debug.xcconfig */,
				F7FF7F093B172BD4E7F54E31 /* Pods-iMovie.release.xcconfig */,
			);
			path = Pods;
			sourceTree = "<group>";
		};
		AFB897D8442D4923AC668499 /* Frameworks */ = {
			isa = PBXGroup;
			children = (
				AA88D3A912B06F46C025B90C /* Pods_iMovie.framework */,
			);
			name = Frameworks;
			sourceTree = "<group>";
		};
		D4685CAC24D723850072521F /* Constant */ = {
			isa = PBXGroup;
			children = (
				D49B709824D7243D00F24CAD /* APIConstant.swift */,
			);
			path = Constant;
			sourceTree = "<group>";
		};
		D49B709A24D7291300F24CAD /* Storyboard */ = {
			isa = PBXGroup;
			children = (
				D4C0E7CF24D717B6007F6D26 /* Main.storyboard */,
			);
			path = Storyboard;
			sourceTree = "<group>";
		};
		D49B709B24D7293400F24CAD /* Application */ = {
			isa = PBXGroup;
			children = (
				D4C0E7C924D717B6007F6D26 /* AppDelegate.swift */,
				D4C0E7D224D717B8007F6D26 /* Assets.xcassets */,
				D4C0E7D724D717B8007F6D26 /* Info.plist */,
				D49B709F24D72B8500F24CAD /* LaunchScreen.storyboard */,
				D4C0E7CB24D717B6007F6D26 /* SceneDelegate.swift */,
			);
			path = Application;
			sourceTree = "<group>";
		};
		D49B70A124D72BA100F24CAD /* ViewControllers */ = {
			isa = PBXGroup;
			children = (
				D4C0E7CD24D717B6007F6D26 /* ViewController.swift */,
			);
			path = ViewControllers;
			sourceTree = "<group>";
		};
		D4C0E7BD24D717B6007F6D26 = {
			isa = PBXGroup;
			children = (
				D4C0E7C824D717B6007F6D26 /* iMovie */,
				D4C0E7C724D717B6007F6D26 /* Products */,
				634F58F950B0A98808E1854A /* Pods */,
				AFB897D8442D4923AC668499 /* Frameworks */,
			);
			sourceTree = "<group>";
		};
		D4C0E7C724D717B6007F6D26 /* Products */ = {
			isa = PBXGroup;
			children = (
				D4C0E7C624D717B6007F6D26 /* iMovie.app */,
			);
			name = Products;
			sourceTree = "<group>";
		};
		D4C0E7C824D717B6007F6D26 /* iMovie */ = {
			isa = PBXGroup;
			children = (
				D49B70A124D72BA100F24CAD /* ViewControllers */,
				D49B709B24D7293400F24CAD /* Application */,
				D49B709A24D7291300F24CAD /* Storyboard */,
				D4685CAC24D723850072521F /* Constant */,
			);
			path = iMovie;
			sourceTree = "<group>";
		};
/* End PBXGroup section */

/* Begin PBXNativeTarget section */
		D4C0E7C524D717B6007F6D26 /* iMovie */ = {
			isa = PBXNativeTarget;
			buildConfigurationList = D4C0E7DA24D717B8007F6D26 /* Build configuration list for PBXNativeTarget "iMovie" */;
			buildPhases = (
				594609645D47AA3CEB56CA96 /* [CP] Check Pods Manifest.lock */,
				D4C0E7C224D717B6007F6D26 /* Sources */,
				D4C0E7C324D717B6007F6D26 /* Frameworks */,
				D4C0E7C424D717B6007F6D26 /* Resources */,
				34B4BED3DE794AA4D2AE87AF /* [CP] Embed Pods Frameworks */,
			);
			buildRules = (
			);
			dependencies = (
			);
			name = iMovie;
			productName = iMovie;
			productReference = D4C0E7C624D717B6007F6D26 /* iMovie.app */;
			productType = "com.apple.product-type.application";
		};
/* End PBXNativeTarget section */

/* Begin PBXProject section */
		D4C0E7BE24D717B6007F6D26 /* Project object */ = {
			isa = PBXProject;
			attributes = {
				LastSwiftUpdateCheck = 1150;
				LastUpgradeCheck = 1150;
				ORGANIZATIONNAME = "Van Le";
				TargetAttributes = {
					D4C0E7C524D717B6007F6D26 = {
						CreatedOnToolsVersion = 11.5;
					};
				};
			};
			buildConfigurationList = D4C0E7C124D717B6007F6D26 /* Build configuration list for PBXProject "iMovie" */;
			compatibilityVersion = "Xcode 9.3";
			developmentRegion = en;
			hasScannedForEncodings = 0;
			knownRegions = (
				en,
				Base,
			);
			mainGroup = D4C0E7BD24D717B6007F6D26;
			productRefGroup = D4C0E7C724D717B6007F6D26 /* Products */;
			projectDirPath = "";
			projectRoot = "";
			targets = (
				D4C0E7C524D717B6007F6D26 /* iMovie */,
			);
		};
/* End PBXProject section */

/* Begin PBXResourcesBuildPhase section */
		D4C0E7C424D717B6007F6D26 /* Resources */ = {
			isa = PBXResourcesBuildPhase;
			buildActionMask = 2147483647;
			files = (
				D49B70A024D72B8500F24CAD /* LaunchScreen.storyboard in Resources */,
				D4C0E7D324D717B8007F6D26 /* Assets.xcassets in Resources */,
				D4C0E7D124D717B6007F6D26 /* Main.storyboard in Resources */,
			);
			runOnlyForDeploymentPostprocessing = 0;
		};
/* End PBXResourcesBuildPhase section */

/* Begin PBXShellScriptBuildPhase section */
		34B4BED3DE794AA4D2AE87AF /* [CP] Embed Pods Frameworks */ = {
			isa = PBXShellScriptBuildPhase;
			buildActionMask = 2147483647;
			files = (
			);
			inputFileListPaths = (
				"${PODS_ROOT}/Target Support Files/Pods-iMovie/Pods-iMovie-frameworks-${CONFIGURATION}-input-files.xcfilelist",
			);
			name = "[CP] Embed Pods Frameworks";
			outputFileListPaths = (
				"${PODS_ROOT}/Target Support Files/Pods-iMovie/Pods-iMovie-frameworks-${CONFIGURATION}-output-files.xcfilelist",
			);
			runOnlyForDeploymentPostprocessing = 0;
			shellPath = /bin/sh;
			shellScript = "\"${PODS_ROOT}/Target Support Files/Pods-iMovie/Pods-iMovie-frameworks.sh\"\n";
			showEnvVarsInLog = 0;
		};
		594609645D47AA3CEB56CA96 /* [CP] Check Pods Manifest.lock */ = {
			isa = PBXShellScriptBuildPhase;
			buildActionMask = 2147483647;
			files = (
			);
			inputFileListPaths = (
			);
			inputPaths = (
				"${PODS_PODFILE_DIR_PATH}/Podfile.lock",
				"${PODS_ROOT}/Manifest.lock",
			);
			name = "[CP] Check Pods Manifest.lock";
			outputFileListPaths = (
			);
			outputPaths = (
				"$(DERIVED_FILE_DIR)/Pods-iMovie-checkManifestLockResult.txt",
			);
			runOnlyForDeploymentPostprocessing = 0;
			shellPath = /bin/sh;
			shellScript = "diff \"${PODS_PODFILE_DIR_PATH}/Podfile.lock\" \"${PODS_ROOT}/Manifest.lock\" > /dev/null\nif [ $? != 0 ] ; then\n    # print error to STDERR\n    echo \"error: The sandbox is not in sync with the Podfile.lock. Run 'pod install' or update your CocoaPods installation.\" >&2\n    exit 1\nfi\n# This output is used by Xcode 'outputs' to avoid re-running this script phase.\necho \"SUCCESS\" > \"${SCRIPT_OUTPUT_FILE_0}\"\n";
			showEnvVarsInLog = 0;
		};
/* End PBXShellScriptBuildPhase section */

/* Begin PBXSourcesBuildPhase section */
		D4C0E7C224D717B6007F6D26 /* Sources */ = {
			isa = PBXSourcesBuildPhase;
			buildActionMask = 2147483647;
			files = (
				D49B709924D7243D00F24CAD /* APIConstant.swift in Sources */,
				D4C0E7CE24D717B6007F6D26 /* ViewController.swift in Sources */,
				D4C0E7CA24D717B6007F6D26 /* AppDelegate.swift in Sources */,
				D4C0E7CC24D717B6007F6D26 /* SceneDelegate.swift in Sources */,
			);
			runOnlyForDeploymentPostprocessing = 0;
		};
/* End PBXSourcesBuildPhase section */

/* Begin PBXVariantGroup section */
		D4C0E7CF24D717B6007F6D26 /* Main.storyboard */ = {
			isa = PBXVariantGroup;
			children = (
				D4C0E7D024D717B6007F6D26 /* Base */,
			);
			name = Main.storyboard;
			sourceTree = "<group>";
		};
/* End PBXVariantGroup section */

/* Begin XCBuildConfiguration section */
		D4C0E7D824D717B8007F6D26 /* Debug */ = {
			isa = XCBuildConfiguration;
			buildSettings = {
				ALWAYS_SEARCH_USER_PATHS = NO;
				CLANG_ANALYZER_NONNULL = YES;
				CLANG_ANALYZER_NUMBER_OBJECT_CONVERSION = YES_AGGRESSIVE;
				CLANG_CXX_LANGUAGE_STANDARD = "gnu++14";
				CLANG_CXX_LIBRARY = "libc++";
				CLANG_ENABLE_MODULES = YES;
				CLANG_ENABLE_OBJC_ARC = YES;
				CLANG_ENABLE_OBJC_WEAK = YES;
				CLANG_WARN_BLOCK_CAPTURE_AUTORELEASING = YES;
				CLANG_WARN_BOOL_CONVERSION = YES;
				CLANG_WARN_COMMA = YES;
				CLANG_WARN_CONSTANT_CONVERSION = YES;
				CLANG_WARN_DEPRECATED_OBJC_IMPLEMENTATIONS = YES;
				CLANG_WARN_DIRECT_OBJC_ISA_USAGE = YES_ERROR;
				CLANG_WARN_DOCUMENTATION_COMMENTS = YES;
				CLANG_WARN_EMPTY_BODY = YES;
				CLANG_WARN_ENUM_CONVERSION = YES;
				CLANG_WARN_INFINITE_RECURSION = YES;
				CLANG_WARN_INT_CONVERSION = YES;
				CLANG_WARN_NON_LITERAL_NULL_CONVERSION = YES;
				CLANG_WARN_OBJC_IMPLICIT_RETAIN_SELF = YES;
				CLANG_WARN_OBJC_LITERAL_CONVERSION = YES;
				CLANG_WARN_OBJC_ROOT_CLASS = YES_ERROR;
				CLANG_WARN_RANGE_LOOP_ANALYSIS = YES;
				CLANG_WARN_STRICT_PROTOTYPES = YES;
				CLANG_WARN_SUSPICIOUS_MOVE = YES;
				CLANG_WARN_UNGUARDED_AVAILABILITY = YES_AGGRESSIVE;
				CLANG_WARN_UNREACHABLE_CODE = YES;
				CLANG_WARN__DUPLICATE_METHOD_MATCH = YES;
				COPY_PHASE_STRIP = NO;
				DEBUG_INFORMATION_FORMAT = dwarf;
				ENABLE_STRICT_OBJC_MSGSEND = YES;
				ENABLE_TESTABILITY = YES;
				GCC_C_LANGUAGE_STANDARD = gnu11;
				GCC_DYNAMIC_NO_PIC = NO;
				GCC_NO_COMMON_BLOCKS = YES;
				GCC_OPTIMIZATION_LEVEL = 0;
				GCC_PREPROCESSOR_DEFINITIONS = (
					"DEBUG=1",
					"$(inherited)",
				);
				GCC_WARN_64_TO_32_BIT_CONVERSION = YES;
				GCC_WARN_ABOUT_RETURN_TYPE = YES_ERROR;
				GCC_WARN_UNDECLARED_SELECTOR = YES;
				GCC_WARN_UNINITIALIZED_AUTOS = YES_AGGRESSIVE;
				GCC_WARN_UNUSED_FUNCTION = YES;
				GCC_WARN_UNUSED_VARIABLE = YES;
				IPHONEOS_DEPLOYMENT_TARGET = 13.5;
				MTL_ENABLE_DEBUG_INFO = INCLUDE_SOURCE;
				MTL_FAST_MATH = YES;
				ONLY_ACTIVE_ARCH = YES;
				SDKROOT = iphoneos;
				SWIFT_ACTIVE_COMPILATION_CONDITIONS = DEBUG;
				SWIFT_OPTIMIZATION_LEVEL = "-Onone";
			};
			name = Debug;
		};
		D4C0E7D924D717B8007F6D26 /* Release */ = {
			isa = XCBuildConfiguration;
			buildSettings = {
				ALWAYS_SEARCH_USER_PATHS = NO;
				CLANG_ANALYZER_NONNULL = YES;
				CLANG_ANALYZER_NUMBER_OBJECT_CONVERSION = YES_AGGRESSIVE;
				CLANG_CXX_LANGUAGE_STANDARD = "gnu++14";
				CLANG_CXX_LIBRARY = "libc++";
				CLANG_ENABLE_MODULES = YES;
				CLANG_ENABLE_OBJC_ARC = YES;
				CLANG_ENABLE_OBJC_WEAK = YES;
				CLANG_WARN_BLOCK_CAPTURE_AUTORELEASING = YES;
				CLANG_WARN_BOOL_CONVERSION = YES;
				CLANG_WARN_COMMA = YES;
				CLANG_WARN_CONSTANT_CONVERSION = YES;
				CLANG_WARN_DEPRECATED_OBJC_IMPLEMENTATIONS = YES;
				CLANG_WARN_DIRECT_OBJC_ISA_USAGE = YES_ERROR;
				CLANG_WARN_DOCUMENTATION_COMMENTS = YES;
				CLANG_WARN_EMPTY_BODY = YES;
				CLANG_WARN_ENUM_CONVERSION = YES;
				CLANG_WARN_INFINITE_RECURSION = YES;
				CLANG_WARN_INT_CONVERSION = YES;
				CLANG_WARN_NON_LITERAL_NULL_CONVERSION = YES;
				CLANG_WARN_OBJC_IMPLICIT_RETAIN_SELF = YES;
				CLANG_WARN_OBJC_LITERAL_CONVERSION = YES;
				CLANG_WARN_OBJC_ROOT_CLASS = YES_ERROR;
				CLANG_WARN_RANGE_LOOP_ANALYSIS = YES;
				CLANG_WARN_STRICT_PROTOTYPES = YES;
				CLANG_WARN_SUSPICIOUS_MOVE = YES;
				CLANG_WARN_UNGUARDED_AVAILABILITY = YES_AGGRESSIVE;
				CLANG_WARN_UNREACHABLE_CODE = YES;
				CLANG_WARN__DUPLICATE_METHOD_MATCH = YES;
				COPY_PHASE_STRIP = NO;
				DEBUG_INFORMATION_FORMAT = "dwarf-with-dsym";
				ENABLE_NS_ASSERTIONS = NO;
				ENABLE_STRICT_OBJC_MSGSEND = YES;
				GCC_C_LANGUAGE_STANDARD = gnu11;
				GCC_NO_COMMON_BLOCKS = YES;
				GCC_WARN_64_TO_32_BIT_CONVERSION = YES;
				GCC_WARN_ABOUT_RETURN_TYPE = YES_ERROR;
				GCC_WARN_UNDECLARED_SELECTOR = YES;
				GCC_WARN_UNINITIALIZED_AUTOS = YES_AGGRESSIVE;
				GCC_WARN_UNUSED_FUNCTION = YES;
				GCC_WARN_UNUSED_VARIABLE = YES;
				IPHONEOS_DEPLOYMENT_TARGET = 13.5;
				MTL_ENABLE_DEBUG_INFO = NO;
				MTL_FAST_MATH = YES;
				SDKROOT = iphoneos;
				SWIFT_COMPILATION_MODE = wholemodule;
				SWIFT_OPTIMIZATION_LEVEL = "-O";
				VALIDATE_PRODUCT = YES;
			};
			name = Release;
		};
		D4C0E7DB24D717B8007F6D26 /* Debug */ = {
			isa = XCBuildConfiguration;
			baseConfigurationReference = A6EB43E790A3509069D44885 /* Pods-iMovie.debug.xcconfig */;
			buildSettings = {
				ASSETCATALOG_COMPILER_APPICON_NAME = AppIcon;
				CODE_SIGN_STYLE = Automatic;
				DEVELOPMENT_TEAM = AWN5653TC6;
				INFOPLIST_FILE = iMovie/Application/Info.plist;
				IPHONEOS_DEPLOYMENT_TARGET = 12.4;
				LD_RUNPATH_SEARCH_PATHS = (
					"$(inherited)",
					"@executable_path/Frameworks",
				);
				PRODUCT_BUNDLE_IDENTIFIER = com.lhvan89.iMovie;
				PRODUCT_NAME = "$(TARGET_NAME)";
				SWIFT_VERSION = 5.0;
				TARGETED_DEVICE_FAMILY = "1,2";
			};
			name = Debug;
		};
		D4C0E7DC24D717B8007F6D26 /* Release */ = {
			isa = XCBuildConfiguration;
			baseConfigurationReference = F7FF7F093B172BD4E7F54E31 /* Pods-iMovie.release.xcconfig */;
			buildSettings = {
				ASSETCATALOG_COMPILER_APPICON_NAME = AppIcon;
				CODE_SIGN_STYLE = Automatic;
				DEVELOPMENT_TEAM = AWN5653TC6;
				INFOPLIST_FILE = iMovie/Application/Info.plist;
				IPHONEOS_DEPLOYMENT_TARGET = 12.4;
				LD_RUNPATH_SEARCH_PATHS = (
					"$(inherited)",
					"@executable_path/Frameworks",
				);
				PRODUCT_BUNDLE_IDENTIFIER = com.lhvan89.iMovie;
				PRODUCT_NAME = "$(TARGET_NAME)";
				SWIFT_VERSION = 5.0;
				TARGETED_DEVICE_FAMILY = "1,2";
			};
			name = Release;
		};
/* End XCBuildConfiguration section */

/* Begin XCConfigurationList section */
		D4C0E7C124D717B6007F6D26 /* Build configuration list for PBXProject "iMovie" */ = {
			isa = XCConfigurationList;
			buildConfigurations = (
				D4C0E7D824D717B8007F6D26 /* Debug */,
				D4C0E7D924D717B8007F6D26 /* Release */,
			);
			defaultConfigurationIsVisible = 0;
			defaultConfigurationName = Release;
		};
		D4C0E7DA24D717B8007F6D26 /* Build configuration list for PBXNativeTarget "iMovie" */ = {
			isa = XCConfigurationList;
			buildConfigurations = (
				D4C0E7DB24D717B8007F6D26 /* Debug */,
				D4C0E7DC24D717B8007F6D26 /* Release */,
			);
			defaultConfigurationIsVisible = 0;
			defaultConfigurationName = Release;
		};
/* End XCConfigurationList section */
	};
	rootObject = D4C0E7BE24D717B6007F6D26 /* Project object */;
}
